{
    "version": 3,
    "terraform_version": "0.11.13",
    "serial": 8,
    "lineage": "0b6e99b1-80d6-2a2b-2dbe-7a8b7ea7e55c",
    "modules": [
        {
            "path": [
                "root"
            ],
            "outputs": {},
            "resources": {
                "docker_container.container_id": {
                    "type": "docker_container",
                    "depends_on": [
                        "docker_image.image_id"
                    ],
                    "primary": {
                        "id": "f382a14da5a5841355cf9c552e0e96f7d5ce92f8c85eb26feee19e1e108311a3",
                        "attributes": {
                            "attach": "false",
                            "bridge": "",
                            "gateway": "172.17.0.1",
                            "id": "f382a14da5a5841355cf9c552e0e96f7d5ce92f8c85eb26feee19e1e108311a3",
                            "image": "sha256:f7ce32a79c424f1833d1c7d47187da8427cb4c0b659847046b66dd277584ed1a",
                            "ip_address": "172.17.0.2",
                            "ip_prefix_length": "16",
                            "log_driver": "json-file",
                            "logs": "false",
                            "must_run": "true",
                            "name": "blog",
                            "network_data.#": "1",
                            "network_data.0.gateway": "172.17.0.1",
                            "network_data.0.ip_address": "172.17.0.2",
                            "network_data.0.ip_prefix_length": "16",
                            "network_data.0.network_name": "bridge",
                            "ports.#": "1",
                            "ports.0.external": "8080",
                            "ports.0.internal": "2368",
                            "ports.0.ip": "0.0.0.0",
                            "ports.0.protocol": "tcp",
                            "restart": "no",
                            "rm": "false",
                            "start": "true"
                        },
                        "meta": {
                            "schema_version": "1"
                        },
                        "tainted": false
                    },
                    "deposed": [],
                    "provider": "provider.docker"
                },
                "docker_image.image_id": {
                    "type": "docker_image",
                    "depends_on": [],
                    "primary": {
                        "id": "sha256:76a9e3f4d6b89340270dda542abbf5f27ce5dfc56dbb3a20a65b108f312258b8ghost:latest",
                        "attributes": {
                            "id": "sha256:76a9e3f4d6b89340270dda542abbf5f27ce5dfc56dbb3a20a65b108f312258b8ghost:latest",
                            "latest": "sha256:f7ce32a79c424f1833d1c7d47187da8427cb4c0b659847046b66dd277584ed1a",
                            "name": "ghost:alpine"
                        },
                        "meta": {},
                        "tainted": false
                    },
                    "deposed": [],
                    "provider": "provider.docker"
                }
            },
            "depends_on": []
        }
    ]
}
