{
    "version": 3,
    "terraform_version": "0.11.13",
    "serial": 22,
    "lineage": "9037ce52-5dbf-ab00-5951-b48293e541ff",
    "modules": [
        {
            "path": [
                "root"
            ],
            "outputs": {
                "aws_availability_zones": {
                    "sensitive": false,
                    "type": "list",
                    "value": [
                        "us-east-1a",
                        "us-east-1b",
                        "us-east-1c",
                        "us-east-1d",
                        "us-east-1e",
                        "us-east-1f"
                    ]
                },
                "aws_igw_id": {
                    "sensitive": false,
                    "type": "string",
                    "value": "igw-078960492c3a21428"
                },
                "aws_public_route_id": {
                    "sensitive": false,
                    "type": "string",
                    "value": "rtb-0eb35e758c2264080"
                },
                "aws_vpc_id": {
                    "sensitive": false,
                    "type": "string",
                    "value": "vpc-0f933efc06b831484"
                },
                "bucket_name": {
                    "sensitive": false,
                    "type": "string",
                    "value": "gkspranger-1677"
                }
            },
            "resources": {},
            "depends_on": []
        },
        {
            "path": [
                "root",
                "networking"
            ],
            "outputs": {
                "aws_availability_zones": {
                    "sensitive": false,
                    "type": "list",
                    "value": [
                        "us-east-1a",
                        "us-east-1b",
                        "us-east-1c",
                        "us-east-1d",
                        "us-east-1e",
                        "us-east-1f"
                    ]
                },
                "aws_igw_id": {
                    "sensitive": false,
                    "type": "string",
                    "value": "igw-078960492c3a21428"
                },
                "aws_public_route_id": {
                    "sensitive": false,
                    "type": "string",
                    "value": "rtb-0eb35e758c2264080"
                },
                "vpc_id": {
                    "sensitive": false,
                    "type": "string",
                    "value": "vpc-0f933efc06b831484"
                }
            },
            "resources": {
                "aws_default_route_table.tf_private_route": {
                    "type": "aws_default_route_table",
                    "depends_on": [
                        "aws_vpc.tf_vpc"
                    ],
                    "primary": {
                        "id": "rtb-02c649a1d5d43d7a5",
                        "attributes": {
                            "default_route_table_id": "rtb-02c649a1d5d43d7a5",
                            "id": "rtb-02c649a1d5d43d7a5",
                            "owner_id": "209239884259",
                            "propagating_vgws.#": "0",
                            "route.#": "0",
                            "tags.%": "1",
                            "tags.Name": "tf_private",
                            "vpc_id": "vpc-0f933efc06b831484"
                        },
                        "meta": {},
                        "tainted": false
                    },
                    "deposed": [],
                    "provider": "provider.aws"
                },
                "aws_internet_gateway.tf_internet_gateway": {
                    "type": "aws_internet_gateway",
                    "depends_on": [
                        "aws_vpc.tf_vpc"
                    ],
                    "primary": {
                        "id": "igw-078960492c3a21428",
                        "attributes": {
                            "id": "igw-078960492c3a21428",
                            "owner_id": "209239884259",
                            "tags.%": "1",
                            "tags.Name": "tf_igw",
                            "vpc_id": "vpc-0f933efc06b831484"
                        },
                        "meta": {},
                        "tainted": false
                    },
                    "deposed": [],
                    "provider": "provider.aws"
                },
                "aws_route_table.tf_public_route": {
                    "type": "aws_route_table",
                    "depends_on": [
                        "aws_internet_gateway.tf_internet_gateway",
                        "aws_vpc.tf_vpc"
                    ],
                    "primary": {
                        "id": "rtb-0eb35e758c2264080",
                        "attributes": {
                            "id": "rtb-0eb35e758c2264080",
                            "owner_id": "209239884259",
                            "propagating_vgws.#": "0",
                            "route.#": "1",
                            "route.3392407040.cidr_block": "0.0.0.0/0",
                            "route.3392407040.egress_only_gateway_id": "",
                            "route.3392407040.gateway_id": "igw-078960492c3a21428",
                            "route.3392407040.instance_id": "",
                            "route.3392407040.ipv6_cidr_block": "",
                            "route.3392407040.nat_gateway_id": "",
                            "route.3392407040.network_interface_id": "",
                            "route.3392407040.transit_gateway_id": "",
                            "route.3392407040.vpc_peering_connection_id": "",
                            "tags.%": "1",
                            "tags.Name": "tf_public",
                            "vpc_id": "vpc-0f933efc06b831484"
                        },
                        "meta": {},
                        "tainted": false
                    },
                    "deposed": [],
                    "provider": "provider.aws"
                },
                "aws_vpc.tf_vpc": {
                    "type": "aws_vpc",
                    "depends_on": [],
                    "primary": {
                        "id": "vpc-0f933efc06b831484",
                        "attributes": {
                            "arn": "arn:aws:ec2:us-east-1:209239884259:vpc/vpc-0f933efc06b831484",
                            "assign_generated_ipv6_cidr_block": "false",
                            "cidr_block": "10.10.0.0/16",
                            "default_network_acl_id": "acl-0e8956cdf3aa6d7c6",
                            "default_route_table_id": "rtb-02c649a1d5d43d7a5",
                            "default_security_group_id": "sg-08836350a7d46ec8f",
                            "dhcp_options_id": "dopt-e7d3ef9c",
                            "enable_classiclink": "false",
                            "enable_classiclink_dns_support": "false",
                            "enable_dns_hostnames": "true",
                            "enable_dns_support": "true",
                            "id": "vpc-0f933efc06b831484",
                            "instance_tenancy": "default",
                            "ipv6_association_id": "",
                            "ipv6_cidr_block": "",
                            "main_route_table_id": "rtb-02c649a1d5d43d7a5",
                            "owner_id": "209239884259",
                            "tags.%": "1",
                            "tags.Name": "tf_vpc"
                        },
                        "meta": {
                            "schema_version": "1"
                        },
                        "tainted": false
                    },
                    "deposed": [],
                    "provider": "provider.aws"
                },
                "data.aws_availability_zones.available": {
                    "type": "aws_availability_zones",
                    "depends_on": [],
                    "primary": {
                        "id": "2019-04-30 00:17:16.722947 +0000 UTC",
                        "attributes": {
                            "id": "2019-04-30 00:17:16.722947 +0000 UTC",
                            "names.#": "6",
                            "names.0": "us-east-1a",
                            "names.1": "us-east-1b",
                            "names.2": "us-east-1c",
                            "names.3": "us-east-1d",
                            "names.4": "us-east-1e",
                            "names.5": "us-east-1f",
                            "zone_ids.#": "6",
                            "zone_ids.0": "use1-az6",
                            "zone_ids.1": "use1-az1",
                            "zone_ids.2": "use1-az2",
                            "zone_ids.3": "use1-az4",
                            "zone_ids.4": "use1-az3",
                            "zone_ids.5": "use1-az5"
                        },
                        "meta": {},
                        "tainted": false
                    },
                    "deposed": [],
                    "provider": "provider.aws"
                }
            },
            "depends_on": []
        },
        {
            "path": [
                "root",
                "storage"
            ],
            "outputs": {
                "bucket_name": {
                    "sensitive": false,
                    "type": "string",
                    "value": "gkspranger-1677"
                }
            },
            "resources": {
                "aws_s3_bucket.tf_code": {
                    "type": "aws_s3_bucket",
                    "depends_on": [
                        "random_id.tf_bucket_id"
                    ],
                    "primary": {
                        "id": "gkspranger-1677",
                        "attributes": {
                            "acceleration_status": "",
                            "acl": "private",
                            "arn": "arn:aws:s3:::gkspranger-1677",
                            "bucket": "gkspranger-1677",
                            "bucket_domain_name": "gkspranger-1677.s3.amazonaws.com",
                            "bucket_regional_domain_name": "gkspranger-1677.s3.amazonaws.com",
                            "cors_rule.#": "0",
                            "force_destroy": "true",
                            "hosted_zone_id": "Z3AQBSTGFYJSTF",
                            "id": "gkspranger-1677",
                            "lifecycle_rule.#": "0",
                            "logging.#": "0",
                            "object_lock_configuration.#": "0",
                            "region": "us-east-1",
                            "replication_configuration.#": "0",
                            "request_payer": "BucketOwner",
                            "server_side_encryption_configuration.#": "0",
                            "tags.%": "1",
                            "tags.Name": "tf_bucket",
                            "versioning.#": "1",
                            "versioning.0.enabled": "false",
                            "versioning.0.mfa_delete": "false",
                            "website.#": "0"
                        },
                        "meta": {},
                        "tainted": false
                    },
                    "deposed": [],
                    "provider": "provider.aws"
                },
                "random_id.tf_bucket_id": {
                    "type": "random_id",
                    "depends_on": [],
                    "primary": {
                        "id": "Bo0",
                        "attributes": {
                            "b64": "Bo0",
                            "b64_std": "Bo0=",
                            "b64_url": "Bo0",
                            "byte_length": "2",
                            "dec": "1677",
                            "hex": "068d",
                            "id": "Bo0"
                        },
                        "meta": {},
                        "tainted": false
                    },
                    "deposed": [],
                    "provider": "provider.random"
                }
            },
            "depends_on": []
        }
    ]
}
