{
    "version": 3,
    "terraform_version": "0.11.13",
    "serial": 20,
    "lineage": "9037ce52-5dbf-ab00-5951-b48293e541ff",
    "modules": [
        {
            "path": [
                "root"
            ],
            "outputs": {
                "aws_availability_zones": {
                    "sensitive": false,
                    "type": "list",
                    "value": [
                        "us-east-1a",
                        "us-east-1b",
                        "us-east-1c",
                        "us-east-1d",
                        "us-east-1e",
                        "us-east-1f"
                    ]
                },
                "aws_igw_id": {
                    "sensitive": false,
                    "type": "string",
                    "value": "igw-0f36c91f9a9fe6df4"
                },
                "aws_public_route_id": {
                    "sensitive": false,
                    "type": "string",
                    "value": "rtb-07e8c7d6bd350f39a"
                },
                "aws_vpc_id": {
                    "sensitive": false,
                    "type": "string",
                    "value": "vpc-0df99fedec4a40aad"
                },
                "bucket_name": {
                    "sensitive": false,
                    "type": "string",
                    "value": "gkspranger-45862"
                }
            },
            "resources": {},
            "depends_on": []
        },
        {
            "path": [
                "root",
                "networking"
            ],
            "outputs": {
                "aws_availability_zones": {
                    "sensitive": false,
                    "type": "list",
                    "value": [
                        "us-east-1a",
                        "us-east-1b",
                        "us-east-1c",
                        "us-east-1d",
                        "us-east-1e",
                        "us-east-1f"
                    ]
                },
                "aws_igw_id": {
                    "sensitive": false,
                    "type": "string",
                    "value": "igw-0f36c91f9a9fe6df4"
                },
                "aws_public_route_id": {
                    "sensitive": false,
                    "type": "string",
                    "value": "rtb-07e8c7d6bd350f39a"
                },
                "vpc_id": {
                    "sensitive": false,
                    "type": "string",
                    "value": "vpc-0df99fedec4a40aad"
                }
            },
            "resources": {
                "aws_default_route_table.tf_private_route": {
                    "type": "aws_default_route_table",
                    "depends_on": [
                        "aws_vpc.tf_vpc"
                    ],
                    "primary": {
                        "id": "rtb-08dd612b7cdc3021e",
                        "attributes": {
                            "default_route_table_id": "rtb-08dd612b7cdc3021e",
                            "id": "rtb-08dd612b7cdc3021e",
                            "owner_id": "209239884259",
                            "propagating_vgws.#": "0",
                            "route.#": "0",
                            "tags.%": "1",
                            "tags.Name": "tf_private",
                            "vpc_id": "vpc-0df99fedec4a40aad"
                        },
                        "meta": {},
                        "tainted": false
                    },
                    "deposed": [],
                    "provider": "provider.aws"
                },
                "aws_internet_gateway.tf_internet_gateway": {
                    "type": "aws_internet_gateway",
                    "depends_on": [
                        "aws_vpc.tf_vpc"
                    ],
                    "primary": {
                        "id": "igw-0f36c91f9a9fe6df4",
                        "attributes": {
                            "id": "igw-0f36c91f9a9fe6df4",
                            "owner_id": "209239884259",
                            "tags.%": "1",
                            "tags.Name": "tf_igw",
                            "vpc_id": "vpc-0df99fedec4a40aad"
                        },
                        "meta": {},
                        "tainted": false
                    },
                    "deposed": [],
                    "provider": "provider.aws"
                },
                "aws_route_table.tf_public_route": {
                    "type": "aws_route_table",
                    "depends_on": [
                        "aws_internet_gateway.tf_internet_gateway",
                        "aws_vpc.tf_vpc"
                    ],
                    "primary": {
                        "id": "rtb-07e8c7d6bd350f39a",
                        "attributes": {
                            "id": "rtb-07e8c7d6bd350f39a",
                            "owner_id": "209239884259",
                            "propagating_vgws.#": "0",
                            "route.#": "1",
                            "route.747502622.cidr_block": "0.0.0.0/0",
                            "route.747502622.egress_only_gateway_id": "",
                            "route.747502622.gateway_id": "igw-0f36c91f9a9fe6df4",
                            "route.747502622.instance_id": "",
                            "route.747502622.ipv6_cidr_block": "",
                            "route.747502622.nat_gateway_id": "",
                            "route.747502622.network_interface_id": "",
                            "route.747502622.transit_gateway_id": "",
                            "route.747502622.vpc_peering_connection_id": "",
                            "tags.%": "1",
                            "tags.Name": "tf_public",
                            "vpc_id": "vpc-0df99fedec4a40aad"
                        },
                        "meta": {},
                        "tainted": false
                    },
                    "deposed": [],
                    "provider": "provider.aws"
                },
                "aws_vpc.tf_vpc": {
                    "type": "aws_vpc",
                    "depends_on": [],
                    "primary": {
                        "id": "vpc-0df99fedec4a40aad",
                        "attributes": {
                            "arn": "arn:aws:ec2:us-east-1:209239884259:vpc/vpc-0df99fedec4a40aad",
                            "assign_generated_ipv6_cidr_block": "false",
                            "cidr_block": "10.10.0.0/16",
                            "default_network_acl_id": "acl-01067d258e54f3087",
                            "default_route_table_id": "rtb-08dd612b7cdc3021e",
                            "default_security_group_id": "sg-09a13a54dcdff541f",
                            "dhcp_options_id": "dopt-e7d3ef9c",
                            "enable_classiclink": "false",
                            "enable_classiclink_dns_support": "false",
                            "enable_dns_hostnames": "true",
                            "enable_dns_support": "true",
                            "id": "vpc-0df99fedec4a40aad",
                            "instance_tenancy": "default",
                            "ipv6_association_id": "",
                            "ipv6_cidr_block": "",
                            "main_route_table_id": "rtb-08dd612b7cdc3021e",
                            "owner_id": "209239884259",
                            "tags.%": "1",
                            "tags.Name": "tf_vpc"
                        },
                        "meta": {
                            "schema_version": "1"
                        },
                        "tainted": false
                    },
                    "deposed": [],
                    "provider": "provider.aws"
                },
                "data.aws_availability_zones.available": {
                    "type": "aws_availability_zones",
                    "depends_on": [],
                    "primary": {
                        "id": "2019-04-29 19:54:26.368589 +0000 UTC",
                        "attributes": {
                            "id": "2019-04-29 19:54:26.368589 +0000 UTC",
                            "names.#": "6",
                            "names.0": "us-east-1a",
                            "names.1": "us-east-1b",
                            "names.2": "us-east-1c",
                            "names.3": "us-east-1d",
                            "names.4": "us-east-1e",
                            "names.5": "us-east-1f",
                            "zone_ids.#": "6",
                            "zone_ids.0": "use1-az6",
                            "zone_ids.1": "use1-az1",
                            "zone_ids.2": "use1-az2",
                            "zone_ids.3": "use1-az4",
                            "zone_ids.4": "use1-az3",
                            "zone_ids.5": "use1-az5"
                        },
                        "meta": {},
                        "tainted": false
                    },
                    "deposed": [],
                    "provider": "provider.aws"
                }
            },
            "depends_on": []
        },
        {
            "path": [
                "root",
                "storage"
            ],
            "outputs": {
                "bucket_name": {
                    "sensitive": false,
                    "type": "string",
                    "value": "gkspranger-45862"
                }
            },
            "resources": {
                "aws_s3_bucket.tf_code": {
                    "type": "aws_s3_bucket",
                    "depends_on": [
                        "random_id.tf_bucket_id"
                    ],
                    "primary": {
                        "id": "gkspranger-45862",
                        "attributes": {
                            "acceleration_status": "",
                            "acl": "private",
                            "arn": "arn:aws:s3:::gkspranger-45862",
                            "bucket": "gkspranger-45862",
                            "bucket_domain_name": "gkspranger-45862.s3.amazonaws.com",
                            "bucket_regional_domain_name": "gkspranger-45862.s3.amazonaws.com",
                            "cors_rule.#": "0",
                            "force_destroy": "true",
                            "hosted_zone_id": "Z3AQBSTGFYJSTF",
                            "id": "gkspranger-45862",
                            "lifecycle_rule.#": "0",
                            "logging.#": "0",
                            "object_lock_configuration.#": "0",
                            "region": "us-east-1",
                            "replication_configuration.#": "0",
                            "request_payer": "BucketOwner",
                            "server_side_encryption_configuration.#": "0",
                            "tags.%": "1",
                            "tags.Name": "tf_bucket",
                            "versioning.#": "1",
                            "versioning.0.enabled": "false",
                            "versioning.0.mfa_delete": "false",
                            "website.#": "0"
                        },
                        "meta": {},
                        "tainted": false
                    },
                    "deposed": [],
                    "provider": "provider.aws"
                },
                "random_id.tf_bucket_id": {
                    "type": "random_id",
                    "depends_on": [],
                    "primary": {
                        "id": "syY",
                        "attributes": {
                            "b64": "syY",
                            "b64_std": "syY=",
                            "b64_url": "syY",
                            "byte_length": "2",
                            "dec": "45862",
                            "hex": "b326",
                            "id": "syY"
                        },
                        "meta": {},
                        "tainted": false
                    },
                    "deposed": [],
                    "provider": "provider.random"
                }
            },
            "depends_on": []
        }
    ]
}
