{
    "version": 3,
    "terraform_version": "0.11.13",
    "serial": 4,
    "lineage": "b78d552b-ef74-f454-a13a-cbbdade6ccd1",
    "modules": [
        {
            "path": [
                "root"
            ],
            "outputs": {
                "Container Name": {
                    "sensitive": false,
                    "type": "string",
                    "value": "dev_blog"
                },
                "IP Address": {
                    "sensitive": false,
                    "type": "string",
                    "value": "172.17.0.2"
                },
                "image name": {
                    "sensitive": false,
                    "type": "string",
                    "value": "ghost:latest"
                }
            },
            "resources": {
                "null_resource.null_id": {
                    "type": "null_resource",
                    "depends_on": [],
                    "primary": {
                        "id": "738014649251851363",
                        "attributes": {
                            "id": "738014649251851363"
                        },
                        "meta": {},
                        "tainted": false
                    },
                    "deposed": [],
                    "provider": "provider.null"
                }
            },
            "depends_on": []
        },
        {
            "path": [
                "root",
                "container"
            ],
            "outputs": {
                "container_name": {
                    "sensitive": false,
                    "type": "string",
                    "value": "dev_blog"
                },
                "ip": {
                    "sensitive": false,
                    "type": "string",
                    "value": "172.17.0.2"
                }
            },
            "resources": {
                "docker_container.container_id": {
                    "type": "docker_container",
                    "depends_on": [],
                    "primary": {
                        "id": "1a6a58b10cad6cfb1f7ed6fc7f4e2e133d74aa44186a2dc0898a6ef683dae5ad",
                        "attributes": {
                            "attach": "false",
                            "bridge": "",
                            "gateway": "172.17.0.1",
                            "id": "1a6a58b10cad6cfb1f7ed6fc7f4e2e133d74aa44186a2dc0898a6ef683dae5ad",
                            "image": "sha256:76a9e3f4d6b89340270dda542abbf5f27ce5dfc56dbb3a20a65b108f312258b8",
                            "ip_address": "172.17.0.2",
                            "ip_prefix_length": "16",
                            "log_driver": "json-file",
                            "logs": "false",
                            "must_run": "true",
                            "name": "dev_blog",
                            "network_data.#": "1",
                            "network_data.0.gateway": "172.17.0.1",
                            "network_data.0.ip_address": "172.17.0.2",
                            "network_data.0.ip_prefix_length": "16",
                            "network_data.0.network_name": "bridge",
                            "ports.#": "1",
                            "ports.0.external": "8080",
                            "ports.0.internal": "2368",
                            "ports.0.ip": "0.0.0.0",
                            "ports.0.protocol": "tcp",
                            "restart": "no",
                            "rm": "false",
                            "start": "true"
                        },
                        "meta": {
                            "schema_version": "1"
                        },
                        "tainted": false
                    },
                    "deposed": [],
                    "provider": "provider.docker"
                }
            },
            "depends_on": []
        },
        {
            "path": [
                "root",
                "image"
            ],
            "outputs": {
                "image_out": {
                    "sensitive": false,
                    "type": "string",
                    "value": "sha256:76a9e3f4d6b89340270dda542abbf5f27ce5dfc56dbb3a20a65b108f312258b8"
                },
                "name": {
                    "sensitive": false,
                    "type": "string",
                    "value": "ghost:latest"
                }
            },
            "resources": {
                "docker_image.image_id": {
                    "type": "docker_image",
                    "depends_on": [],
                    "primary": {
                        "id": "sha256:76a9e3f4d6b89340270dda542abbf5f27ce5dfc56dbb3a20a65b108f312258b8ghost:latest",
                        "attributes": {
                            "id": "sha256:76a9e3f4d6b89340270dda542abbf5f27ce5dfc56dbb3a20a65b108f312258b8ghost:latest",
                            "latest": "sha256:76a9e3f4d6b89340270dda542abbf5f27ce5dfc56dbb3a20a65b108f312258b8",
                            "name": "ghost:latest"
                        },
                        "meta": {},
                        "tainted": false
                    },
                    "deposed": [],
                    "provider": "provider.docker"
                }
            },
            "depends_on": []
        }
    ]
}
