{
    "version": 3,
    "terraform_version": "0.11.13",
    "serial": 2,
    "lineage": "b8c3c665-de21-aa28-cfc4-8a94a0ae47d1",
    "modules": [
        {
            "path": [
                "root"
            ],
            "outputs": {
                "IP Address": {
                    "sensitive": false,
                    "type": "string",
                    "value": "172.17.0.2"
                },
                "container_name": {
                    "sensitive": false,
                    "type": "string",
                    "value": "blog"
                }
            },
            "resources": {
                "docker_container.container_id": {
                    "type": "docker_container",
                    "depends_on": [
                        "docker_image.image_id"
                    ],
                    "primary": {
                        "id": "699252ee56c4d0ac712a3a819bcb21974e59421318f65cbb620beea1cf37f5cb",
                        "attributes": {
                            "attach": "false",
                            "bridge": "",
                            "gateway": "172.17.0.1",
                            "id": "699252ee56c4d0ac712a3a819bcb21974e59421318f65cbb620beea1cf37f5cb",
                            "image": "sha256:76a9e3f4d6b89340270dda542abbf5f27ce5dfc56dbb3a20a65b108f312258b8",
                            "ip_address": "172.17.0.2",
                            "ip_prefix_length": "16",
                            "log_driver": "json-file",
                            "logs": "false",
                            "must_run": "true",
                            "name": "blog",
                            "network_data.#": "1",
                            "network_data.0.gateway": "172.17.0.1",
                            "network_data.0.ip_address": "172.17.0.2",
                            "network_data.0.ip_prefix_length": "16",
                            "network_data.0.network_name": "bridge",
                            "ports.#": "1",
                            "ports.0.external": "80",
                            "ports.0.internal": "2368",
                            "ports.0.ip": "0.0.0.0",
                            "ports.0.protocol": "tcp",
                            "restart": "no",
                            "rm": "false",
                            "start": "true"
                        },
                        "meta": {
                            "schema_version": "1"
                        },
                        "tainted": false
                    },
                    "deposed": [],
                    "provider": "provider.docker"
                },
                "docker_image.image_id": {
                    "type": "docker_image",
                    "depends_on": [],
                    "primary": {
                        "id": "sha256:76a9e3f4d6b89340270dda542abbf5f27ce5dfc56dbb3a20a65b108f312258b8ghost:latest",
                        "attributes": {
                            "id": "sha256:76a9e3f4d6b89340270dda542abbf5f27ce5dfc56dbb3a20a65b108f312258b8ghost:latest",
                            "latest": "sha256:76a9e3f4d6b89340270dda542abbf5f27ce5dfc56dbb3a20a65b108f312258b8",
                            "name": "ghost:latest"
                        },
                        "meta": {},
                        "tainted": false
                    },
                    "deposed": [],
                    "provider": "provider.docker"
                }
            },
            "depends_on": []
        }
    ]
}
